
Microsoft Visual Studio Solution File, Format Version 12.00
# Visual Studio 15
VisualStudioVersion = 15.0.27130.2003
MinimumVisualStudioVersion = 10.0.40219.1
Project("{9A19103F-16F7-4668-BE54-9A1E7A4F7556}") = "OWM.Domain.Entities", "OWM.Domain.Entities\OWM.Domain.Entities.csproj", "{C3081023-F162-4E1C-AA6E-F0371CA79818}"
EndProject
Project("{9A19103F-16F7-4668-BE54-9A1E7A4F7556}") = "OWM.Domain.Repository", "OWM.Domain.Repository\OWM.Domain.Repository.csproj", "{74993A6C-293D-455D-97D9-A73CA2B08187}"
EndProject
Project("{9A19103F-16F7-4668-BE54-9A1E7A4F7556}") = "OWM.Domain.Services", "OWM.Domain.Services\OWM.Domain.Services.csproj", "{05870181-1729-4E5A-A340-72F708E0696B}"
EndProject
Project("{9A19103F-16F7-4668-BE54-9A1E7A4F7556}") = "OWM.UI.Web", "OWM.UI.Web\OWM.UI.Web.csproj", "{ACAFDF1A-CABA-4837-8A1C-EE09CDEC2321}"
EndProject
Project("{9A19103F-16F7-4668-BE54-9A1E7A4F7556}") = "OWM.Data", "OWM.Data\OWM.Data.csproj", "{7AEDF8CE-FC9B-4027-BE80-F8A71EAEE278}"
EndProject
Global
	GlobalSection(SolutionConfigurationPlatforms) = preSolution
		Debug|Any CPU = Debug|Any CPU
		Release|Any CPU = Release|Any CPU
	EndGlobalSection
	GlobalSection(ProjectConfigurationPlatforms) = postSolution
		{C3081023-F162-4E1C-AA6E-F0371CA79818}.Debug|Any CPU.ActiveCfg = Debug|Any CPU
		{C3081023-F162-4E1C-AA6E-F0371CA79818}.Debug|Any CPU.Build.0 = Debug|Any CPU
		{C3081023-F162-4E1C-AA6E-F0371CA79818}.Release|Any CPU.ActiveCfg = Release|Any CPU
		{C3081023-F162-4E1C-AA6E-F0371CA79818}.Release|Any CPU.Build.0 = Release|Any CPU
		{74993A6C-293D-455D-97D9-A73CA2B08187}.Debug|Any CPU.ActiveCfg = Debug|Any CPU
		{74993A6C-293D-455D-97D9-A73CA2B08187}.Debug|Any CPU.Build.0 = Debug|Any CPU
		{74993A6C-293D-455D-97D9-A73CA2B08187}.Release|Any CPU.ActiveCfg = Release|Any CPU
		{74993A6C-293D-455D-97D9-A73CA2B08187}.Release|Any CPU.Build.0 = Release|Any CPU
		{05870181-1729-4E5A-A340-72F708E0696B}.Debug|Any CPU.ActiveCfg = Debug|Any CPU
		{05870181-1729-4E5A-A340-72F708E0696B}.Debug|Any CPU.Build.0 = Debug|Any CPU
		{05870181-1729-4E5A-A340-72F708E0696B}.Release|Any CPU.ActiveCfg = Release|Any CPU
		{05870181-1729-4E5A-A340-72F708E0696B}.Release|Any CPU.Build.0 = Release|Any CPU
		{ACAFDF1A-CABA-4837-8A1C-EE09CDEC2321}.Debug|Any CPU.ActiveCfg = Debug|Any CPU
		{ACAFDF1A-CABA-4837-8A1C-EE09CDEC2321}.Debug|Any CPU.Build.0 = Debug|Any CPU
		{ACAFDF1A-CABA-4837-8A1C-EE09CDEC2321}.Release|Any CPU.ActiveCfg = Release|Any CPU
		{ACAFDF1A-CABA-4837-8A1C-EE09CDEC2321}.Release|Any CPU.Build.0 = Release|Any CPU
		{7AEDF8CE-FC9B-4027-BE80-F8A71EAEE278}.Debug|Any CPU.ActiveCfg = Debug|Any CPU
		{7AEDF8CE-FC9B-4027-BE80-F8A71EAEE278}.Debug|Any CPU.Build.0 = Debug|Any CPU
		{7AEDF8CE-FC9B-4027-BE80-F8A71EAEE278}.Release|Any CPU.ActiveCfg = Release|Any CPU
		{7AEDF8CE-FC9B-4027-BE80-F8A71EAEE278}.Release|Any CPU.Build.0 = Release|Any CPU
	EndGlobalSection
	GlobalSection(SolutionProperties) = preSolution
		HideSolutionNode = FALSE
	EndGlobalSection
	GlobalSection(ExtensibilityGlobals) = postSolution
		SolutionGuid = {53452BD7-A032-405F-9D68-2922C09D3315}
	EndGlobalSection
EndGlobal
